# THIS IS AN AUTOGENERATED FILE. DO NOT EDIT THIS FILE DIRECTLY.
# yarn lockfile v1


"@next/env@12.1.0":
  "integrity" "sha512-nrIgY6t17FQ9xxwH3jj0a6EOiQ/WDHUos35Hghtr+SWN/ntHIQ7UpuvSi0vaLzZVHQWaDupKI+liO5vANcDeTQ=="
  "resolved" "https://registry.npmjs.org/@next/env/-/env-12.1.0.tgz"
  "version" "12.1.0"

"@next/swc-darwin-arm64@12.1.0":
  "integrity" "sha512-R8vcXE2/iONJ1Unf5Ptqjk6LRW3bggH+8drNkkzH4FLEQkHtELhvcmJwkXcuipyQCsIakldAXhRbZmm3YN1vXg=="
  "resolved" "https://registry.npmjs.org/@next/swc-darwin-arm64/-/swc-darwin-arm64-12.1.0.tgz"
  "version" "12.1.0"

"antd-country-phone-input@file:..":
  "resolved" "file:.."
  "version" "4.5.0"

"caniuse-lite@^1.0.30001283":
  "integrity" "sha512-iujN4+x7QzqA2NCSrS5VUy+4gLmRd4xv6vbBBsmfVqTx8bLAD8097euLqQgKxSVLvxjSDcvF1T/i9ocgnUFexw=="
  "resolved" "https://registry.npmjs.org/caniuse-lite/-/caniuse-lite-1.0.30001299.tgz"
  "version" "1.0.30001299"

"nanoid@^3.1.30":
  "integrity" "sha512-n6Vs/3KGyxPQd6uO0eH4Bv0ojGSUvuLlIHtC3Y0kEO23YRge8H9x1GCzLn28YX0H66pMkxuaeESFq4tKISKwdw=="
  "resolved" "https://registry.npmjs.org/nanoid/-/nanoid-3.3.1.tgz"
  "version" "3.3.1"

"next@latest":
  "integrity" "sha512-s885kWvnIlxsUFHq9UGyIyLiuD0G3BUC/xrH0CEnH5lHEWkwQcHOORgbDF0hbrW9vr/7am4ETfX4A7M6DjrE7Q=="
  "resolved" "https://registry.npmjs.org/next/-/next-12.1.0.tgz"
  "version" "12.1.0"
  dependencies:
    "@next/env" "12.1.0"
    "caniuse-lite" "^1.0.30001283"
    "postcss" "8.4.5"
    "styled-jsx" "5.0.0"
    "use-subscription" "1.5.1"
  optionalDependencies:
    "@next/swc-android-arm64" "12.1.0"
    "@next/swc-darwin-arm64" "12.1.0"
    "@next/swc-darwin-x64" "12.1.0"
    "@next/swc-linux-arm-gnueabihf" "12.1.0"
    "@next/swc-linux-arm64-gnu" "12.1.0"
    "@next/swc-linux-arm64-musl" "12.1.0"
    "@next/swc-linux-x64-gnu" "12.1.0"
    "@next/swc-linux-x64-musl" "12.1.0"
    "@next/swc-win32-arm64-msvc" "12.1.0"
    "@next/swc-win32-ia32-msvc" "12.1.0"
    "@next/swc-win32-x64-msvc" "12.1.0"

"object-assign@^4.1.1":
  "integrity" "sha1-IQmtx5ZYh8/AXLvUQsrIv7s2CGM= sha512-rJgTQnkUnH1sFw8yT6VSU3zD3sWmu6sZhIseY8VX+GRu3P6F7Fu+JNDoXfklElbLJSnc3FUQHVe4cU5hj+BcUg=="
  "resolved" "https://registry.npmjs.org/object-assign/-/object-assign-4.1.1.tgz"
  "version" "4.1.1"

"picocolors@^1.0.0":
  "integrity" "sha512-1fygroTLlHu66zi26VoTDv8yRgm0Fccecssto+MhsZ0D/DGW2sm8E8AjW7NU5VVTRt5GxbeZ5qBuJr+HyLYkjQ=="
  "resolved" "https://registry.npmjs.org/picocolors/-/picocolors-1.0.0.tgz"
  "version" "1.0.0"

"postcss@8.4.5":
  "integrity" "sha512-jBDboWM8qpaqwkMwItqTQTiFikhs/67OYVvblFFTM7MrZjt6yMKd6r2kgXizEbTTljacm4NldIlZnhbjr84QYg=="
  "resolved" "https://registry.npmjs.org/postcss/-/postcss-8.4.5.tgz"
  "version" "8.4.5"
  dependencies:
    "nanoid" "^3.1.30"
    "picocolors" "^1.0.0"
    "source-map-js" "^1.0.1"

"react-dom@^17.0.2 || ^18.0.0-0", "react-dom@file:../node_modules/react-dom":
  "resolved" "file:../node_modules/react-dom"
  "version" "18.2.0"
  dependencies:
    "loose-envify" "^1.1.0"
    "scheduler" "^0.23.0"

"react@^16.8.0 || ^17.0.0", "react@^17.0.2 || ^18.0.0-0", "react@>= 16.8.0 || 17.x.x || 18.x.x", "react@file:../node_modules/react":
  "resolved" "file:../node_modules/react"
  "version" "18.2.0"
  dependencies:
    "loose-envify" "^1.1.0"

"source-map-js@^1.0.1":
  "integrity" "sha512-R0XvVJ9WusLiqTCEiGCmICCMplcCkIwwR11mOSD9CR5u+IXYdiseeEuXCVAjS54zqwkLcPNnmU4OeJ6tUrWhDw=="
  "resolved" "https://registry.npmjs.org/source-map-js/-/source-map-js-1.0.2.tgz"
  "version" "1.0.2"

"styled-jsx@5.0.0":
  "integrity" "sha512-qUqsWoBquEdERe10EW8vLp3jT25s/ssG1/qX5gZ4wu15OZpmSMFI2v+fWlRhLfykA5rFtlJ1ME8A8pm/peV4WA=="
  "resolved" "https://registry.npmjs.org/styled-jsx/-/styled-jsx-5.0.0.tgz"
  "version" "5.0.0"

"use-subscription@1.5.1":
  "integrity" "sha512-Xv2a1P/yReAjAbhylMfFplFKj9GssgTwN7RlcTxBujFQcloStWNDQdc4g4NRWH9xS4i/FDk04vQBptAXoF3VcA=="
  "resolved" "https://registry.npmjs.org/use-subscription/-/use-subscription-1.5.1.tgz"
  "version" "1.5.1"
  dependencies:
    "object-assign" "^4.1.1"

"world_countries_lists@^2.4.0":
  "integrity" "sha512-AfOzix7V1uJlEj/FnxBRwEO0ptIt3JAFIeDc5SxxAIpCGBKEY0jrrJKD7dKLka8w1aNb3jL4hN7okzqP1gaQ9A=="
  "resolved" "https://registry.npmjs.org/world_countries_lists/-/world_countries_lists-2.4.0.tgz"
  "version" "2.4.0"
